<Solution>
  <Project Path="MediatorPattern.API/MediatorPattern.API.csproj" />
  <Project Path="MediatorPattern.Domains/MediatorPattern.Domains.csproj" />
  <Project Path="MediatorPattern.Repo/MediatorPattern.Repo.csproj" />
  <Project Path="MediatorPattern.Services/MediatorPattern.Application.csproj" />
</Solution>
